
Microsoft Visual Studio Solution File, Format Version 12.00
# Visual Studio 15
VisualStudioVersion = 15.0.28307.168
MinimumVisualStudioVersion = 10.0.40219.1
Project("{FAE04EC0-301F-11D3-BF4B-00C04F79EFBC}") = "DN_Lab07_Collections", "DN_Lab07_Collections\DN_Lab07_Collections.csproj", "{B63611E2-8362-4312-A34E-615310ED38B6}"
EndProject
Project("{FAE04EC0-301F-11D3-BF4B-00C04F79EFBC}") = "Program", "Program\Program.csproj", "{D93D36E6-FC47-4D0B-9001-DC41DF8DC0A6}"
EndProject
Project("{FAE04EC0-301F-11D3-BF4B-00C04F79EFBC}") = "Lab07TestSuite", "Lab07TestSuite\Lab07TestSuite.csproj", "{1255EC9A-1ED3-4CFB-BEA8-11A2E5BBF107}"
EndProject
Global
	GlobalSection(SolutionConfigurationPlatforms) = preSolution
		Debug|Any CPU = Debug|Any CPU
		Release|Any CPU = Release|Any CPU
	EndGlobalSection
	GlobalSection(ProjectConfigurationPlatforms) = postSolution
		{B63611E2-8362-4312-A34E-615310ED38B6}.Debug|Any CPU.ActiveCfg = Debug|Any CPU
		{B63611E2-8362-4312-A34E-615310ED38B6}.Debug|Any CPU.Build.0 = Debug|Any CPU
		{B63611E2-8362-4312-A34E-615310ED38B6}.Release|Any CPU.ActiveCfg = Release|Any CPU
		{B63611E2-8362-4312-A34E-615310ED38B6}.Release|Any CPU.Build.0 = Release|Any CPU
		{D93D36E6-FC47-4D0B-9001-DC41DF8DC0A6}.Debug|Any CPU.ActiveCfg = Debug|Any CPU
		{D93D36E6-FC47-4D0B-9001-DC41DF8DC0A6}.Debug|Any CPU.Build.0 = Debug|Any CPU
		{D93D36E6-FC47-4D0B-9001-DC41DF8DC0A6}.Release|Any CPU.ActiveCfg = Release|Any CPU
		{D93D36E6-FC47-4D0B-9001-DC41DF8DC0A6}.Release|Any CPU.Build.0 = Release|Any CPU
		{1255EC9A-1ED3-4CFB-BEA8-11A2E5BBF107}.Debug|Any CPU.ActiveCfg = Debug|Any CPU
		{1255EC9A-1ED3-4CFB-BEA8-11A2E5BBF107}.Debug|Any CPU.Build.0 = Debug|Any CPU
		{1255EC9A-1ED3-4CFB-BEA8-11A2E5BBF107}.Release|Any CPU.ActiveCfg = Release|Any CPU
		{1255EC9A-1ED3-4CFB-BEA8-11A2E5BBF107}.Release|Any CPU.Build.0 = Release|Any CPU
	EndGlobalSection
	GlobalSection(SolutionProperties) = preSolution
		HideSolutionNode = FALSE
	EndGlobalSection
	GlobalSection(ExtensibilityGlobals) = postSolution
		SolutionGuid = {E8CD098D-39FA-470D-8910-C5408FE35580}
	EndGlobalSection
EndGlobal
